// !$*UTF8*$!
{
	archiveVersion = 1;
	classes = {
	};
	objectVersion = 55;
	objects = {

/* Begin PBXBuildFile section */
		BB35F1512756696A00936376 /* AddIngredientVM.swift in Sources */ = {isa = PBXBuildFile; fileRef = BB35F1502756696A00936376 /* AddIngredientVM.swift */; };
		BBAA81712743C78900BC3F1B /* AddIngredient.swift in Sources */ = {isa = PBXBuildFile; fileRef = BBAA81702743C78900BC3F1B /* AddIngredient.swift */; };
		BBAA819D274425F700BC3F1B /* Persistance.swift in Sources */ = {isa = PBXBuildFile; fileRef = BBAA819C274425F700BC3F1B /* Persistance.swift */; };
		F930660227326E6B0034C65A /* IOS_eprojApp.swift in Sources */ = {isa = PBXBuildFile; fileRef = F930660127326E6B0034C65A /* IOS_eprojApp.swift */; };
		F930660427326E6B0034C65A /* ContentView.swift in Sources */ = {isa = PBXBuildFile; fileRef = F930660327326E6B0034C65A /* ContentView.swift */; };
		F930660627326E700034C65A /* Assets.xcassets in Resources */ = {isa = PBXBuildFile; fileRef = F930660527326E700034C65A /* Assets.xcassets */; };
		F930660927326E700034C65A /* Preview Assets.xcassets in Resources */ = {isa = PBXBuildFile; fileRef = F930660827326E700034C65A /* Preview Assets.xcassets */; };
		F9306613273270470034C65A /* MainPageView.swift in Sources */ = {isa = PBXBuildFile; fileRef = F9306612273270470034C65A /* MainPageView.swift */; };
		F9306615273270500034C65A /* ModelData.swift in Sources */ = {isa = PBXBuildFile; fileRef = F9306614273270500034C65A /* ModelData.swift */; };
		F930661A273EC1E80034C65A /* CoreDataModel.xcdatamodeld in Sources */ = {isa = PBXBuildFile; fileRef = F9306618273EC1E70034C65A /* CoreDataModel.xcdatamodeld */; };
		F9318191274D0E58005E9178 /* LaunchScreen.storyboard in Resources */ = {isa = PBXBuildFile; fileRef = F9318190274D0E58005E9178 /* LaunchScreen.storyboard */; };
		F955FF72275009DC0095F6EB /* Webcall.swift in Sources */ = {isa = PBXBuildFile; fileRef = F955FF71275009DC0095F6EB /* Webcall.swift */; };
		F955FF7427500D500095F6EB /* CategoryResponse.swift in Sources */ = {isa = PBXBuildFile; fileRef = F955FF7327500D500095F6EB /* CategoryResponse.swift */; };
		F955FF7627500E3C0095F6EB /* CategoryListVM.swift in Sources */ = {isa = PBXBuildFile; fileRef = F955FF7527500E3C0095F6EB /* CategoryListVM.swift */; };
		F955FF7827500EE80095F6EB /* Template.swift in Sources */ = {isa = PBXBuildFile; fileRef = F955FF7727500EE80095F6EB /* Template.swift */; };
		F955FF7B2750153E0095F6EB /* CategoryList.swift in Sources */ = {isa = PBXBuildFile; fileRef = F955FF7A2750153E0095F6EB /* CategoryList.swift */; };
		F955FF7D275016560095F6EB /* CategoryListView.swift in Sources */ = {isa = PBXBuildFile; fileRef = F955FF7C275016560095F6EB /* CategoryListView.swift */; };
		F955FF7F275016A20095F6EB /* CategoryCellView.swift in Sources */ = {isa = PBXBuildFile; fileRef = F955FF7E275016A20095F6EB /* CategoryCellView.swift */; };
		F955FF812750C1DF0095F6EB /* RecipeList.swift in Sources */ = {isa = PBXBuildFile; fileRef = F955FF802750C1DF0095F6EB /* RecipeList.swift */; };
		F955FF832750C9370095F6EB /* RecipeListVM.swift in Sources */ = {isa = PBXBuildFile; fileRef = F955FF822750C9370095F6EB /* RecipeListVM.swift */; };
		F955FF872750CA780095F6EB /* RecipeResponse.swift in Sources */ = {isa = PBXBuildFile; fileRef = F955FF862750CA780095F6EB /* RecipeResponse.swift */; };
		F955FF892750D11F0095F6EB /* RecipeListView.swift in Sources */ = {isa = PBXBuildFile; fileRef = F955FF882750D11F0095F6EB /* RecipeListView.swift */; };
		F955FF8B2750D3E10095F6EB /* RecipeCellView.swift in Sources */ = {isa = PBXBuildFile; fileRef = F955FF8A2750D3E10095F6EB /* RecipeCellView.swift */; };
		F955FF8D2750F3F90095F6EB /* DetailResponse.swift in Sources */ = {isa = PBXBuildFile; fileRef = F955FF8C2750F3F90095F6EB /* DetailResponse.swift */; };
		F955FF8F2750F4CA0095F6EB /* RecipeDetailVM.swift in Sources */ = {isa = PBXBuildFile; fileRef = F955FF8E2750F4CA0095F6EB /* RecipeDetailVM.swift */; };
		F955FF912750F7720095F6EB /* DetailScreen.swift in Sources */ = {isa = PBXBuildFile; fileRef = F955FF902750F7720095F6EB /* DetailScreen.swift */; };
/* End PBXBuildFile section */

/* Begin PBXFileReference section */
		BB35F1502756696A00936376 /* AddIngredientVM.swift */ = {isa = PBXFileReference; lastKnownFileType = sourcecode.swift; path = AddIngredientVM.swift; sourceTree = "<group>"; };
		BBAA81702743C78900BC3F1B /* AddIngredient.swift */ = {isa = PBXFileReference; lastKnownFileType = sourcecode.swift; path = AddIngredient.swift; sourceTree = "<group>"; };
		BBAA819C274425F700BC3F1B /* Persistance.swift */ = {isa = PBXFileReference; lastKnownFileType = sourcecode.swift; path = Persistance.swift; sourceTree = "<group>"; };
		F93065FE27326E6B0034C65A /* IOS_eproj.app */ = {isa = PBXFileReference; explicitFileType = wrapper.application; includeInIndex = 0; path = IOS_eproj.app; sourceTree = BUILT_PRODUCTS_DIR; };
		F930660127326E6B0034C65A /* IOS_eprojApp.swift */ = {isa = PBXFileReference; lastKnownFileType = sourcecode.swift; path = IOS_eprojApp.swift; sourceTree = "<group>"; };
		F930660327326E6B0034C65A /* ContentView.swift */ = {isa = PBXFileReference; lastKnownFileType = sourcecode.swift; path = ContentView.swift; sourceTree = "<group>"; };
		F930660527326E700034C65A /* Assets.xcassets */ = {isa = PBXFileReference; lastKnownFileType = folder.assetcatalog; path = Assets.xcassets; sourceTree = "<group>"; };
		F930660827326E700034C65A /* Preview Assets.xcassets */ = {isa = PBXFileReference; lastKnownFileType = folder.assetcatalog; path = "Preview Assets.xcassets"; sourceTree = "<group>"; };
		F9306612273270470034C65A /* MainPageView.swift */ = {isa = PBXFileReference; lastKnownFileType = sourcecode.swift; path = MainPageView.swift; sourceTree = "<group>"; };
		F9306614273270500034C65A /* ModelData.swift */ = {isa = PBXFileReference; lastKnownFileType = sourcecode.swift; path = ModelData.swift; sourceTree = "<group>"; };
		F9306619273EC1E80034C65A /* CoreDataModel.xcdatamodel */ = {isa = PBXFileReference; lastKnownFileType = wrapper.xcdatamodel; path = CoreDataModel.xcdatamodel; sourceTree = "<group>"; };
		F9318190274D0E58005E9178 /* LaunchScreen.storyboard */ = {isa = PBXFileReference; lastKnownFileType = file.storyboard; path = LaunchScreen.storyboard; sourceTree = "<group>"; };
		F955FF71275009DC0095F6EB /* Webcall.swift */ = {isa = PBXFileReference; lastKnownFileType = sourcecode.swift; path = Webcall.swift; sourceTree = "<group>"; };
		F955FF7327500D500095F6EB /* CategoryResponse.swift */ = {isa = PBXFileReference; lastKnownFileType = sourcecode.swift; path = CategoryResponse.swift; sourceTree = "<group>"; };
		F955FF7527500E3C0095F6EB /* CategoryListVM.swift */ = {isa = PBXFileReference; lastKnownFileType = sourcecode.swift; path = CategoryListVM.swift; sourceTree = "<group>"; };
		F955FF7727500EE80095F6EB /* Template.swift */ = {isa = PBXFileReference; lastKnownFileType = sourcecode.swift; path = Template.swift; sourceTree = "<group>"; };
		F955FF7A2750153E0095F6EB /* CategoryList.swift */ = {isa = PBXFileReference; lastKnownFileType = sourcecode.swift; path = CategoryList.swift; sourceTree = "<group>"; };
		F955FF7C275016560095F6EB /* CategoryListView.swift */ = {isa = PBXFileReference; lastKnownFileType = sourcecode.swift; path = CategoryListView.swift; sourceTree = "<group>"; };
		F955FF7E275016A20095F6EB /* CategoryCellView.swift */ = {isa = PBXFileReference; lastKnownFileType = sourcecode.swift; path = CategoryCellView.swift; sourceTree = "<group>"; };
		F955FF802750C1DF0095F6EB /* RecipeList.swift */ = {isa = PBXFileReference; lastKnownFileType = sourcecode.swift; path = RecipeList.swift; sourceTree = "<group>"; };
		F955FF822750C9370095F6EB /* RecipeListVM.swift */ = {isa = PBXFileReference; lastKnownFileType = sourcecode.swift; path = RecipeListVM.swift; sourceTree = "<group>"; };
		F955FF862750CA780095F6EB /* RecipeResponse.swift */ = {isa = PBXFileReference; lastKnownFileType = sourcecode.swift; path = RecipeResponse.swift; sourceTree = "<group>"; };
		F955FF882750D11F0095F6EB /* RecipeListView.swift */ = {isa = PBXFileReference; lastKnownFileType = sourcecode.swift; path = RecipeListView.swift; sourceTree = "<group>"; };
		F955FF8A2750D3E10095F6EB /* RecipeCellView.swift */ = {isa = PBXFileReference; lastKnownFileType = sourcecode.swift; path = RecipeCellView.swift; sourceTree = "<group>"; };
		F955FF8C2750F3F90095F6EB /* DetailResponse.swift */ = {isa = PBXFileReference; lastKnownFileType = sourcecode.swift; path = DetailResponse.swift; sourceTree = "<group>"; };
		F955FF8E2750F4CA0095F6EB /* RecipeDetailVM.swift */ = {isa = PBXFileReference; lastKnownFileType = sourcecode.swift; path = RecipeDetailVM.swift; sourceTree = "<group>"; };
		F955FF902750F7720095F6EB /* DetailScreen.swift */ = {isa = PBXFileReference; lastKnownFileType = sourcecode.swift; path = DetailScreen.swift; sourceTree = "<group>"; };
/* End PBXFileReference section */

/* Begin PBXFrameworksBuildPhase section */
		F93065FB27326E6B0034C65A /* Frameworks */ = {
			isa = PBXFrameworksBuildPhase;
			buildActionMask = 2147483647;
			files = (
			);
			runOnlyForDeploymentPostprocessing = 0;
		};
/* End PBXFrameworksBuildPhase section */

/* Begin PBXGroup section */
		F93065F527326E6B0034C65A = {
			isa = PBXGroup;
			children = (
				F930660027326E6B0034C65A /* IOS_eproj */,
				F93065FF27326E6B0034C65A /* Products */,
			);
			sourceTree = "<group>";
		};
		F93065FF27326E6B0034C65A /* Products */ = {
			isa = PBXGroup;
			children = (
				F93065FE27326E6B0034C65A /* IOS_eproj.app */,
			);
			name = Products;
			sourceTree = "<group>";
		};
		F930660027326E6B0034C65A /* IOS_eproj */ = {
			isa = PBXGroup;
			children = (
				F930660127326E6B0034C65A /* IOS_eprojApp.swift */,
				F955FF79275015190095F6EB /* Screens */,
				F9306611273270370034C65A /* View */,
				F93066102732702F0034C65A /* ViewModel */,
				F930660F273270290034C65A /* Model */,
				F930660527326E700034C65A /* Assets.xcassets */,
				BBAA819C274425F700BC3F1B /* Persistance.swift */,
				F930660727326E700034C65A /* Preview Content */,
			);
			path = IOS_eproj;
			sourceTree = "<group>";
		};
		F930660727326E700034C65A /* Preview Content */ = {
			isa = PBXGroup;
			children = (
				F930660827326E700034C65A /* Preview Assets.xcassets */,
			);
			path = "Preview Content";
			sourceTree = "<group>";
		};
		F930660F273270290034C65A /* Model */ = {
			isa = PBXGroup;
			children = (
				F955FF71275009DC0095F6EB /* Webcall.swift */,
				F9306614273270500034C65A /* ModelData.swift */,
				F9306618273EC1E70034C65A /* CoreDataModel.xcdatamodeld */,
				F955FF7327500D500095F6EB /* CategoryResponse.swift */,
				F955FF862750CA780095F6EB /* RecipeResponse.swift */,
				F955FF8C2750F3F90095F6EB /* DetailResponse.swift */,
				F955FF7727500EE80095F6EB /* Template.swift */,
			);
			path = Model;
			sourceTree = "<group>";
		};
		F93066102732702F0034C65A /* ViewModel */ = {
			isa = PBXGroup;
			children = (
				F955FF7527500E3C0095F6EB /* CategoryListVM.swift */,
				F955FF822750C9370095F6EB /* RecipeListVM.swift */,
				F955FF8E2750F4CA0095F6EB /* RecipeDetailVM.swift */,
				BB35F1502756696A00936376 /* AddIngredientVM.swift */,
			);
			path = ViewModel;
			sourceTree = "<group>";
		};
		F9306611273270370034C65A /* View */ = {
			isa = PBXGroup;
			children = (
				F930660327326E6B0034C65A /* ContentView.swift */,
				BBAA81702743C78900BC3F1B /* AddIngredient.swift */,
				F9306612273270470034C65A /* MainPageView.swift */,
				F955FF7A2750153E0095F6EB /* CategoryList.swift */,
				F955FF802750C1DF0095F6EB /* RecipeList.swift */,
				F955FF902750F7720095F6EB /* DetailScreen.swift */,
				F937FE39275787D30004D9C4 /* Kan potentielt slettes */,
			);
			path = View;
			sourceTree = "<group>";
		};
		F937FE39275787D30004D9C4 /* Kan potentielt slettes */ = {
			isa = PBXGroup;
			children = (
				F955FF882750D11F0095F6EB /* RecipeListView.swift */,
				F955FF7C275016560095F6EB /* CategoryListView.swift */,
				F955FF7E275016A20095F6EB /* CategoryCellView.swift */,
				F955FF8A2750D3E10095F6EB /* RecipeCellView.swift */,
			);
			path = "Kan potentielt slettes";
			sourceTree = "<group>";
		};
		F955FF79275015190095F6EB /* Screens */ = {
			isa = PBXGroup;
			children = (
				F9318190274D0E58005E9178 /* LaunchScreen.storyboard */,
			);
			path = Screens;
			sourceTree = "<group>";
		};
/* End PBXGroup section */

/* Begin PBXNativeTarget section */
		F93065FD27326E6B0034C65A /* IOS_eproj */ = {
			isa = PBXNativeTarget;
			buildConfigurationList = F930660C27326E700034C65A /* Build configuration list for PBXNativeTarget "IOS_eproj" */;
			buildPhases = (
				F93065FA27326E6B0034C65A /* Sources */,
				F93065FB27326E6B0034C65A /* Frameworks */,
				F93065FC27326E6B0034C65A /* Resources */,
			);
			buildRules = (
			);
			dependencies = (
			);
			name = IOS_eproj;
			productName = IOS_eproj;
			productReference = F93065FE27326E6B0034C65A /* IOS_eproj.app */;
			productType = "com.apple.product-type.application";
		};
/* End PBXNativeTarget section */

/* Begin PBXProject section */
		F93065F627326E6B0034C65A /* Project object */ = {
			isa = PBXProject;
			attributes = {
				BuildIndependentTargetsInParallel = 1;
				LastSwiftUpdateCheck = 1310;
				LastUpgradeCheck = 1310;
				TargetAttributes = {
					F93065FD27326E6B0034C65A = {
						CreatedOnToolsVersion = 13.1;
					};
				};
			};
			buildConfigurationList = F93065F927326E6B0034C65A /* Build configuration list for PBXProject "IOS_eproj" */;
			compatibilityVersion = "Xcode 13.0";
			developmentRegion = en;
			hasScannedForEncodings = 0;
			knownRegions = (
				en,
				Base,
			);
			mainGroup = F93065F527326E6B0034C65A;
			productRefGroup = F93065FF27326E6B0034C65A /* Products */;
			projectDirPath = "";
			projectRoot = "";
			targets = (
				F93065FD27326E6B0034C65A /* IOS_eproj */,
			);
		};
/* End PBXProject section */

/* Begin PBXResourcesBuildPhase section */
		F93065FC27326E6B0034C65A /* Resources */ = {
			isa = PBXResourcesBuildPhase;
			buildActionMask = 2147483647;
			files = (
				F9318191274D0E58005E9178 /* LaunchScreen.storyboard in Resources */,
				F930660927326E700034C65A /* Preview Assets.xcassets in Resources */,
				F930660627326E700034C65A /* Assets.xcassets in Resources */,
			);
			runOnlyForDeploymentPostprocessing = 0;
		};
/* End PBXResourcesBuildPhase section */

/* Begin PBXSourcesBuildPhase section */
		F93065FA27326E6B0034C65A /* Sources */ = {
			isa = PBXSourcesBuildPhase;
			buildActionMask = 2147483647;
			files = (
				F955FF8F2750F4CA0095F6EB /* RecipeDetailVM.swift in Sources */,
				F955FF7B2750153E0095F6EB /* CategoryList.swift in Sources */,
				BBAA81712743C78900BC3F1B /* AddIngredient.swift in Sources */,
				F955FF7827500EE80095F6EB /* Template.swift in Sources */,
				BB35F1512756696A00936376 /* AddIngredientVM.swift in Sources */,
				F955FF72275009DC0095F6EB /* Webcall.swift in Sources */,
				F955FF892750D11F0095F6EB /* RecipeListView.swift in Sources */,
				F955FF8B2750D3E10095F6EB /* RecipeCellView.swift in Sources */,
				F930660427326E6B0034C65A /* ContentView.swift in Sources */,
				F955FF8D2750F3F90095F6EB /* DetailResponse.swift in Sources */,
				F955FF7627500E3C0095F6EB /* CategoryListVM.swift in Sources */,
				F955FF832750C9370095F6EB /* RecipeListVM.swift in Sources */,
				F955FF872750CA780095F6EB /* RecipeResponse.swift in Sources */,
				BBAA819D274425F700BC3F1B /* Persistance.swift in Sources */,
				F955FF7D275016560095F6EB /* CategoryListView.swift in Sources */,
				F955FF7F275016A20095F6EB /* CategoryCellView.swift in Sources */,
				F955FF912750F7720095F6EB /* DetailScreen.swift in Sources */,
				F930661A273EC1E80034C65A /* CoreDataModel.xcdatamodeld in Sources */,
				F9306615273270500034C65A /* ModelData.swift in Sources */,
				F930660227326E6B0034C65A /* IOS_eprojApp.swift in Sources */,
				F955FF7427500D500095F6EB /* CategoryResponse.swift in Sources */,
				F9306613273270470034C65A /* MainPageView.swift in Sources */,
				F955FF812750C1DF0095F6EB /* RecipeList.swift in Sources */,
			);
			runOnlyForDeploymentPostprocessing = 0;
		};
/* End PBXSourcesBuildPhase section */

/* Begin XCBuildConfiguration section */
		F930660A27326E700034C65A /* Debug */ = {
			isa = XCBuildConfiguration;
			buildSettings = {
				ALWAYS_SEARCH_USER_PATHS = NO;
				CLANG_ANALYZER_NONNULL = YES;
				CLANG_ANALYZER_NUMBER_OBJECT_CONVERSION = YES_AGGRESSIVE;
				CLANG_CXX_LANGUAGE_STANDARD = "gnu++17";
				CLANG_CXX_LIBRARY = "libc++";
				CLANG_ENABLE_MODULES = YES;
				CLANG_ENABLE_OBJC_ARC = YES;
				CLANG_ENABLE_OBJC_WEAK = YES;
				CLANG_WARN_BLOCK_CAPTURE_AUTORELEASING = YES;
				CLANG_WARN_BOOL_CONVERSION = YES;
				CLANG_WARN_COMMA = YES;
				CLANG_WARN_CONSTANT_CONVERSION = YES;
				CLANG_WARN_DEPRECATED_OBJC_IMPLEMENTATIONS = YES;
				CLANG_WARN_DIRECT_OBJC_ISA_USAGE = YES_ERROR;
				CLANG_WARN_DOCUMENTATION_COMMENTS = YES;
				CLANG_WARN_EMPTY_BODY = YES;
				CLANG_WARN_ENUM_CONVERSION = YES;
				CLANG_WARN_INFINITE_RECURSION = YES;
				CLANG_WARN_INT_CONVERSION = YES;
				CLANG_WARN_NON_LITERAL_NULL_CONVERSION = YES;
				CLANG_WARN_OBJC_IMPLICIT_RETAIN_SELF = YES;
				CLANG_WARN_OBJC_LITERAL_CONVERSION = YES;
				CLANG_WARN_OBJC_ROOT_CLASS = YES_ERROR;
				CLANG_WARN_QUOTED_INCLUDE_IN_FRAMEWORK_HEADER = YES;
				CLANG_WARN_RANGE_LOOP_ANALYSIS = YES;
				CLANG_WARN_STRICT_PROTOTYPES = YES;
				CLANG_WARN_SUSPICIOUS_MOVE = YES;
				CLANG_WARN_UNGUARDED_AVAILABILITY = YES_AGGRESSIVE;
				CLANG_WARN_UNREACHABLE_CODE = YES;
				CLANG_WARN__DUPLICATE_METHOD_MATCH = YES;
				COPY_PHASE_STRIP = NO;
				DEBUG_INFORMATION_FORMAT = dwarf;
				ENABLE_STRICT_OBJC_MSGSEND = YES;
				ENABLE_TESTABILITY = YES;
				GCC_C_LANGUAGE_STANDARD = gnu11;
				GCC_DYNAMIC_NO_PIC = NO;
				GCC_NO_COMMON_BLOCKS = YES;
				GCC_OPTIMIZATION_LEVEL = 0;
				GCC_PREPROCESSOR_DEFINITIONS = (
					"DEBUG=1",
					"$(inherited)",
				);
				GCC_WARN_64_TO_32_BIT_CONVERSION = YES;
				GCC_WARN_ABOUT_RETURN_TYPE = YES_ERROR;
				GCC_WARN_UNDECLARED_SELECTOR = YES;
				GCC_WARN_UNINITIALIZED_AUTOS = YES_AGGRESSIVE;
				GCC_WARN_UNUSED_FUNCTION = YES;
				GCC_WARN_UNUSED_VARIABLE = YES;
				IPHONEOS_DEPLOYMENT_TARGET = 15.0;
				MTL_ENABLE_DEBUG_INFO = INCLUDE_SOURCE;
				MTL_FAST_MATH = YES;
				ONLY_ACTIVE_ARCH = YES;
				SDKROOT = iphoneos;
				SWIFT_ACTIVE_COMPILATION_CONDITIONS = DEBUG;
				SWIFT_OPTIMIZATION_LEVEL = "-Onone";
			};
			name = Debug;
		};
		F930660B27326E700034C65A /* Release */ = {
			isa = XCBuildConfiguration;
			buildSettings = {
				ALWAYS_SEARCH_USER_PATHS = NO;
				CLANG_ANALYZER_NONNULL = YES;
				CLANG_ANALYZER_NUMBER_OBJECT_CONVERSION = YES_AGGRESSIVE;
				CLANG_CXX_LANGUAGE_STANDARD = "gnu++17";
				CLANG_CXX_LIBRARY = "libc++";
				CLANG_ENABLE_MODULES = YES;
				CLANG_ENABLE_OBJC_ARC = YES;
				CLANG_ENABLE_OBJC_WEAK = YES;
				CLANG_WARN_BLOCK_CAPTURE_AUTORELEASING = YES;
				CLANG_WARN_BOOL_CONVERSION = YES;
				CLANG_WARN_COMMA = YES;
				CLANG_WARN_CONSTANT_CONVERSION = YES;
				CLANG_WARN_DEPRECATED_OBJC_IMPLEMENTATIONS = YES;
				CLANG_WARN_DIRECT_OBJC_ISA_USAGE = YES_ERROR;
				CLANG_WARN_DOCUMENTATION_COMMENTS = YES;
				CLANG_WARN_EMPTY_BODY = YES;
				CLANG_WARN_ENUM_CONVERSION = YES;
				CLANG_WARN_INFINITE_RECURSION = YES;
				CLANG_WARN_INT_CONVERSION = YES;
				CLANG_WARN_NON_LITERAL_NULL_CONVERSION = YES;
				CLANG_WARN_OBJC_IMPLICIT_RETAIN_SELF = YES;
				CLANG_WARN_OBJC_LITERAL_CONVERSION = YES;
				CLANG_WARN_OBJC_ROOT_CLASS = YES_ERROR;
				CLANG_WARN_QUOTED_INCLUDE_IN_FRAMEWORK_HEADER = YES;
				CLANG_WARN_RANGE_LOOP_ANALYSIS = YES;
				CLANG_WARN_STRICT_PROTOTYPES = YES;
				CLANG_WARN_SUSPICIOUS_MOVE = YES;
				CLANG_WARN_UNGUARDED_AVAILABILITY = YES_AGGRESSIVE;
				CLANG_WARN_UNREACHABLE_CODE = YES;
				CLANG_WARN__DUPLICATE_METHOD_MATCH = YES;
				COPY_PHASE_STRIP = NO;
				DEBUG_INFORMATION_FORMAT = "dwarf-with-dsym";
				ENABLE_NS_ASSERTIONS = NO;
				ENABLE_STRICT_OBJC_MSGSEND = YES;
				GCC_C_LANGUAGE_STANDARD = gnu11;
				GCC_NO_COMMON_BLOCKS = YES;
				GCC_WARN_64_TO_32_BIT_CONVERSION = YES;
				GCC_WARN_ABOUT_RETURN_TYPE = YES_ERROR;
				GCC_WARN_UNDECLARED_SELECTOR = YES;
				GCC_WARN_UNINITIALIZED_AUTOS = YES_AGGRESSIVE;
				GCC_WARN_UNUSED_FUNCTION = YES;
				GCC_WARN_UNUSED_VARIABLE = YES;
				IPHONEOS_DEPLOYMENT_TARGET = 15.0;
				MTL_ENABLE_DEBUG_INFO = NO;
				MTL_FAST_MATH = YES;
				SDKROOT = iphoneos;
				SWIFT_COMPILATION_MODE = wholemodule;
				SWIFT_OPTIMIZATION_LEVEL = "-O";
				VALIDATE_PRODUCT = YES;
			};
			name = Release;
		};
		F930660D27326E700034C65A /* Debug */ = {
			isa = XCBuildConfiguration;
			buildSettings = {
				ASSETCATALOG_COMPILER_APPICON_NAME = AppIcon;
				ASSETCATALOG_COMPILER_GLOBAL_ACCENT_COLOR_NAME = AccentColor;
				CODE_SIGN_STYLE = Automatic;
				CURRENT_PROJECT_VERSION = 1;
				DEVELOPMENT_ASSET_PATHS = "\"IOS_eproj/Preview Content\"";
				DEVELOPMENT_TEAM = HTMRWWQDT8;
				ENABLE_PREVIEWS = YES;
				GENERATE_INFOPLIST_FILE = YES;
				INFOPLIST_KEY_UIApplicationSceneManifest_Generation = YES;
				INFOPLIST_KEY_UIApplicationSupportsIndirectInputEvents = YES;
				INFOPLIST_KEY_UILaunchScreen_Generation = YES;
				INFOPLIST_KEY_UISupportedInterfaceOrientations_iPad = "UIInterfaceOrientationPortrait UIInterfaceOrientationPortraitUpsideDown UIInterfaceOrientationLandscapeLeft UIInterfaceOrientationLandscapeRight";
				INFOPLIST_KEY_UISupportedInterfaceOrientations_iPhone = "UIInterfaceOrientationPortrait UIInterfaceOrientationLandscapeLeft UIInterfaceOrientationLandscapeRight";
				LD_RUNPATH_SEARCH_PATHS = (
					"$(inherited)",
					"@executable_path/Frameworks",
				);
				MARKETING_VERSION = 1.0;
				PRODUCT_BUNDLE_IDENTIFIER = "Frederik-Lindvig-Christensen.IOS-eproj";
				PRODUCT_NAME = "$(TARGET_NAME)";
				SWIFT_EMIT_LOC_STRINGS = YES;
				SWIFT_VERSION = 5.0;
				TARGETED_DEVICE_FAMILY = "1,2";
			};
			name = Debug;
		};
		F930660E27326E700034C65A /* Release */ = {
			isa = XCBuildConfiguration;
			buildSettings = {
				ASSETCATALOG_COMPILER_APPICON_NAME = AppIcon;
				ASSETCATALOG_COMPILER_GLOBAL_ACCENT_COLOR_NAME = AccentColor;
				CODE_SIGN_STYLE = Automatic;
				CURRENT_PROJECT_VERSION = 1;
				DEVELOPMENT_ASSET_PATHS = "\"IOS_eproj/Preview Content\"";
				DEVELOPMENT_TEAM = HTMRWWQDT8;
				ENABLE_PREVIEWS = YES;
				GENERATE_INFOPLIST_FILE = YES;
				INFOPLIST_KEY_UIApplicationSceneManifest_Generation = YES;
				INFOPLIST_KEY_UIApplicationSupportsIndirectInputEvents = YES;
				INFOPLIST_KEY_UILaunchScreen_Generation = YES;
				INFOPLIST_KEY_UISupportedInterfaceOrientations_iPad = "UIInterfaceOrientationPortrait UIInterfaceOrientationPortraitUpsideDown UIInterfaceOrientationLandscapeLeft UIInterfaceOrientationLandscapeRight";
				INFOPLIST_KEY_UISupportedInterfaceOrientations_iPhone = "UIInterfaceOrientationPortrait UIInterfaceOrientationLandscapeLeft UIInterfaceOrientationLandscapeRight";
				LD_RUNPATH_SEARCH_PATHS = (
					"$(inherited)",
					"@executable_path/Frameworks",
				);
				MARKETING_VERSION = 1.0;
				PRODUCT_BUNDLE_IDENTIFIER = "Frederik-Lindvig-Christensen.IOS-eproj";
				PRODUCT_NAME = "$(TARGET_NAME)";
				SWIFT_EMIT_LOC_STRINGS = YES;
				SWIFT_VERSION = 5.0;
				TARGETED_DEVICE_FAMILY = "1,2";
			};
			name = Release;
		};
/* End XCBuildConfiguration section */

/* Begin XCConfigurationList section */
		F93065F927326E6B0034C65A /* Build configuration list for PBXProject "IOS_eproj" */ = {
			isa = XCConfigurationList;
			buildConfigurations = (
				F930660A27326E700034C65A /* Debug */,
				F930660B27326E700034C65A /* Release */,
			);
			defaultConfigurationIsVisible = 0;
			defaultConfigurationName = Release;
		};
		F930660C27326E700034C65A /* Build configuration list for PBXNativeTarget "IOS_eproj" */ = {
			isa = XCConfigurationList;
			buildConfigurations = (
				F930660D27326E700034C65A /* Debug */,
				F930660E27326E700034C65A /* Release */,
			);
			defaultConfigurationIsVisible = 0;
			defaultConfigurationName = Release;
		};
/* End XCConfigurationList section */

/* Begin XCVersionGroup section */
		F9306618273EC1E70034C65A /* CoreDataModel.xcdatamodeld */ = {
			isa = XCVersionGroup;
			children = (
				F9306619273EC1E80034C65A /* CoreDataModel.xcdatamodel */,
			);
			currentVersion = F9306619273EC1E80034C65A /* CoreDataModel.xcdatamodel */;
			path = CoreDataModel.xcdatamodeld;
			sourceTree = "<group>";
			versionGroupType = wrapper.xcdatamodel;
		};
/* End XCVersionGroup section */
	};
	rootObject = F93065F627326E6B0034C65A /* Project object */;
}
